// !$*UTF8*$!
{
	archiveVersion = 1;
	classes = {
	};
	objectVersion = 51;
	objects = {

/* Begin PBXBuildFile section */
		2CFECFEB22ED2E5F00F8592E /* AppDelegate.swift in Sources */ = {isa = PBXBuildFile; fileRef = 2CFECFEA22ED2E5F00F8592E /* AppDelegate.swift */; };
		2CFECFED22ED2E5F00F8592E /* ViewController.swift in Sources */ = {isa = PBXBuildFile; fileRef = 2CFECFEC22ED2E5F00F8592E /* ViewController.swift */; };
		2CFECFF322ED2E5F00F8592E /* itunesapi_cs.xcdatamodeld in Sources */ = {isa = PBXBuildFile; fileRef = 2CFECFF122ED2E5F00F8592E /* itunesapi_cs.xcdatamodeld */; };
		2CFECFF522ED2E6100F8592E /* Assets.xcassets in Resources */ = {isa = PBXBuildFile; fileRef = 2CFECFF422ED2E6100F8592E /* Assets.xcassets */; };
		2CFECFF822ED2E6100F8592E /* LaunchScreen.storyboard in Resources */ = {isa = PBXBuildFile; fileRef = 2CFECFF622ED2E6100F8592E /* LaunchScreen.storyboard */; };
		2CFED00322ED2E6100F8592E /* itunesapi_csTests.swift in Sources */ = {isa = PBXBuildFile; fileRef = 2CFED00222ED2E6100F8592E /* itunesapi_csTests.swift */; };
		2CFED01522ED2FAA00F8592E /* URL+Extensions.swift in Sources */ = {isa = PBXBuildFile; fileRef = 2CFED01422ED2FAA00F8592E /* URL+Extensions.swift */; };
		2CFED01722ED304800F8592E /* Constants.swift in Sources */ = {isa = PBXBuildFile; fileRef = 2CFED01622ED304800F8592E /* Constants.swift */; };
		2CFED01922ED307E00F8592E /* Media.swift in Sources */ = {isa = PBXBuildFile; fileRef = 2CFED01822ED307E00F8592E /* Media.swift */; };
		2CFED01B22ED309600F8592E /* Media+URL.swift in Sources */ = {isa = PBXBuildFile; fileRef = 2CFED01A22ED309600F8592E /* Media+URL.swift */; };
		2CFED01D22ED30C900F8592E /* Album.swift in Sources */ = {isa = PBXBuildFile; fileRef = 2CFED01C22ED30C900F8592E /* Album.swift */; };
		2CFED01F22ED310400F8592E /* ApiClient.swift in Sources */ = {isa = PBXBuildFile; fileRef = 2CFED01E22ED310400F8592E /* ApiClient.swift */; };
		2CFED02922ED34C200F8592E /* SearchPresenter.swift in Sources */ = {isa = PBXBuildFile; fileRef = 2CFED02322ED34C200F8592E /* SearchPresenter.swift */; };
		2CFED02A22ED34C200F8592E /* SearchWorker.swift in Sources */ = {isa = PBXBuildFile; fileRef = 2CFED02422ED34C200F8592E /* SearchWorker.swift */; };
		2CFED02B22ED34C200F8592E /* SearchRouter.swift in Sources */ = {isa = PBXBuildFile; fileRef = 2CFED02522ED34C200F8592E /* SearchRouter.swift */; };
		2CFED02C22ED34C200F8592E /* SearchModels.swift in Sources */ = {isa = PBXBuildFile; fileRef = 2CFED02622ED34C200F8592E /* SearchModels.swift */; };
		2CFED02D22ED34C200F8592E /* SearchViewController.swift in Sources */ = {isa = PBXBuildFile; fileRef = 2CFED02722ED34C200F8592E /* SearchViewController.swift */; };
		2CFED02E22ED34C200F8592E /* SearchInteractor.swift in Sources */ = {isa = PBXBuildFile; fileRef = 2CFED02822ED34C200F8592E /* SearchInteractor.swift */; };
		2CFED03722ED35E700F8592E /* SearchViewControllerTests.swift in Sources */ = {isa = PBXBuildFile; fileRef = 2CFED03322ED35E700F8592E /* SearchViewControllerTests.swift */; };
		2CFED03822ED35E700F8592E /* SearchInteractorTests.swift in Sources */ = {isa = PBXBuildFile; fileRef = 2CFED03422ED35E700F8592E /* SearchInteractorTests.swift */; };
		2CFED03922ED35E700F8592E /* SearchWorkerTests.swift in Sources */ = {isa = PBXBuildFile; fileRef = 2CFED03522ED35E700F8592E /* SearchWorkerTests.swift */; };
		2CFED03A22ED35E700F8592E /* SearchPresenterTests.swift in Sources */ = {isa = PBXBuildFile; fileRef = 2CFED03622ED35E700F8592E /* SearchPresenterTests.swift */; };
		2CFED03D22ED362300F8592E /* SearchBusinessLogicSpy.swift in Sources */ = {isa = PBXBuildFile; fileRef = 2CFED03C22ED362300F8592E /* SearchBusinessLogicSpy.swift */; };
		2CFED03F22ED36C100F8592E /* SearchPresentationLogicSpy.swift in Sources */ = {isa = PBXBuildFile; fileRef = 2CFED03E22ED36C100F8592E /* SearchPresentationLogicSpy.swift */; };
		2CFED04122ED372000F8592E /* SearchDisplayLogicSpy.swift in Sources */ = {isa = PBXBuildFile; fileRef = 2CFED04022ED372000F8592E /* SearchDisplayLogicSpy.swift */; };
		2CFED04522ED37CC00F8592E /* SearchViewController.storyboard in Resources */ = {isa = PBXBuildFile; fileRef = 2CFED04422ED37CC00F8592E /* SearchViewController.storyboard */; };
		7E230F1A2470A933C764020B /* Pods_itunesapi_cs.framework in Frameworks */ = {isa = PBXBuildFile; fileRef = 477FECDBB89B67DD359C9558 /* Pods_itunesapi_cs.framework */; };
		A4FBF1F421177EF708DD085D /* Pods_itunesapi_csTests.framework in Frameworks */ = {isa = PBXBuildFile; fileRef = 621182D182E1E907CA4AB043 /* Pods_itunesapi_csTests.framework */; };
/* End PBXBuildFile section */

/* Begin PBXContainerItemProxy section */
		2CFECFFF22ED2E6100F8592E /* PBXContainerItemProxy */ = {
			isa = PBXContainerItemProxy;
			containerPortal = 2CFECFDF22ED2E5F00F8592E /* Project object */;
			proxyType = 1;
			remoteGlobalIDString = 2CFECFE622ED2E5F00F8592E;
			remoteInfo = itunesapi_cs;
		};
/* End PBXContainerItemProxy section */

/* Begin PBXFileReference section */
		2CFECFE722ED2E5F00F8592E /* itunesapi_cs.app */ = {isa = PBXFileReference; explicitFileType = wrapper.application; includeInIndex = 0; path = itunesapi_cs.app; sourceTree = BUILT_PRODUCTS_DIR; };
		2CFECFEA22ED2E5F00F8592E /* AppDelegate.swift */ = {isa = PBXFileReference; lastKnownFileType = sourcecode.swift; path = AppDelegate.swift; sourceTree = "<group>"; };
		2CFECFEC22ED2E5F00F8592E /* ViewController.swift */ = {isa = PBXFileReference; lastKnownFileType = sourcecode.swift; path = ViewController.swift; sourceTree = "<group>"; };
		2CFECFF222ED2E5F00F8592E /* itunesapi_cs.xcdatamodel */ = {isa = PBXFileReference; lastKnownFileType = wrapper.xcdatamodel; path = itunesapi_cs.xcdatamodel; sourceTree = "<group>"; };
		2CFECFF422ED2E6100F8592E /* Assets.xcassets */ = {isa = PBXFileReference; lastKnownFileType = folder.assetcatalog; path = Assets.xcassets; sourceTree = "<group>"; };
		2CFECFF722ED2E6100F8592E /* Base */ = {isa = PBXFileReference; lastKnownFileType = file.storyboard; name = Base; path = Base.lproj/LaunchScreen.storyboard; sourceTree = "<group>"; };
		2CFECFF922ED2E6100F8592E /* Info.plist */ = {isa = PBXFileReference; lastKnownFileType = text.plist.xml; path = Info.plist; sourceTree = "<group>"; };
		2CFECFFE22ED2E6100F8592E /* itunesapi_csTests.xctest */ = {isa = PBXFileReference; explicitFileType = wrapper.cfbundle; includeInIndex = 0; path = itunesapi_csTests.xctest; sourceTree = BUILT_PRODUCTS_DIR; };
		2CFED00222ED2E6100F8592E /* itunesapi_csTests.swift */ = {isa = PBXFileReference; lastKnownFileType = sourcecode.swift; path = itunesapi_csTests.swift; sourceTree = "<group>"; };
		2CFED00422ED2E6100F8592E /* Info.plist */ = {isa = PBXFileReference; lastKnownFileType = text.plist.xml; path = Info.plist; sourceTree = "<group>"; };
		2CFED01422ED2FAA00F8592E /* URL+Extensions.swift */ = {isa = PBXFileReference; lastKnownFileType = sourcecode.swift; path = "URL+Extensions.swift"; sourceTree = "<group>"; };
		2CFED01622ED304800F8592E /* Constants.swift */ = {isa = PBXFileReference; lastKnownFileType = sourcecode.swift; path = Constants.swift; sourceTree = "<group>"; };
		2CFED01822ED307E00F8592E /* Media.swift */ = {isa = PBXFileReference; lastKnownFileType = sourcecode.swift; path = Media.swift; sourceTree = "<group>"; };
		2CFED01A22ED309600F8592E /* Media+URL.swift */ = {isa = PBXFileReference; lastKnownFileType = sourcecode.swift; path = "Media+URL.swift"; sourceTree = "<group>"; };
		2CFED01C22ED30C900F8592E /* Album.swift */ = {isa = PBXFileReference; lastKnownFileType = sourcecode.swift; path = Album.swift; sourceTree = "<group>"; };
		2CFED01E22ED310400F8592E /* ApiClient.swift */ = {isa = PBXFileReference; lastKnownFileType = sourcecode.swift; path = ApiClient.swift; sourceTree = "<group>"; };
		2CFED02322ED34C200F8592E /* SearchPresenter.swift */ = {isa = PBXFileReference; lastKnownFileType = sourcecode.swift; path = SearchPresenter.swift; sourceTree = "<group>"; };
		2CFED02422ED34C200F8592E /* SearchWorker.swift */ = {isa = PBXFileReference; lastKnownFileType = sourcecode.swift; path = SearchWorker.swift; sourceTree = "<group>"; };
		2CFED02522ED34C200F8592E /* SearchRouter.swift */ = {isa = PBXFileReference; lastKnownFileType = sourcecode.swift; path = SearchRouter.swift; sourceTree = "<group>"; };
		2CFED02622ED34C200F8592E /* SearchModels.swift */ = {isa = PBXFileReference; lastKnownFileType = sourcecode.swift; path = SearchModels.swift; sourceTree = "<group>"; };
		2CFED02722ED34C200F8592E /* SearchViewController.swift */ = {isa = PBXFileReference; lastKnownFileType = sourcecode.swift; path = SearchViewController.swift; sourceTree = "<group>"; };
		2CFED02822ED34C200F8592E /* SearchInteractor.swift */ = {isa = PBXFileReference; lastKnownFileType = sourcecode.swift; path = SearchInteractor.swift; sourceTree = "<group>"; };
		2CFED03322ED35E700F8592E /* SearchViewControllerTests.swift */ = {isa = PBXFileReference; lastKnownFileType = sourcecode.swift; path = SearchViewControllerTests.swift; sourceTree = "<group>"; };
		2CFED03422ED35E700F8592E /* SearchInteractorTests.swift */ = {isa = PBXFileReference; lastKnownFileType = sourcecode.swift; path = SearchInteractorTests.swift; sourceTree = "<group>"; };
		2CFED03522ED35E700F8592E /* SearchWorkerTests.swift */ = {isa = PBXFileReference; lastKnownFileType = sourcecode.swift; path = SearchWorkerTests.swift; sourceTree = "<group>"; };
		2CFED03622ED35E700F8592E /* SearchPresenterTests.swift */ = {isa = PBXFileReference; lastKnownFileType = sourcecode.swift; path = SearchPresenterTests.swift; sourceTree = "<group>"; };
		2CFED03C22ED362300F8592E /* SearchBusinessLogicSpy.swift */ = {isa = PBXFileReference; lastKnownFileType = sourcecode.swift; path = SearchBusinessLogicSpy.swift; sourceTree = "<group>"; };
		2CFED03E22ED36C100F8592E /* SearchPresentationLogicSpy.swift */ = {isa = PBXFileReference; lastKnownFileType = sourcecode.swift; path = SearchPresentationLogicSpy.swift; sourceTree = "<group>"; };
		2CFED04022ED372000F8592E /* SearchDisplayLogicSpy.swift */ = {isa = PBXFileReference; lastKnownFileType = sourcecode.swift; path = SearchDisplayLogicSpy.swift; sourceTree = "<group>"; };
		2CFED04422ED37CC00F8592E /* SearchViewController.storyboard */ = {isa = PBXFileReference; lastKnownFileType = file.storyboard; path = SearchViewController.storyboard; sourceTree = "<group>"; };
		36249240FD659A9FD438996A /* Pods-itunesapi_csTests.debug.xcconfig */ = {isa = PBXFileReference; includeInIndex = 1; lastKnownFileType = text.xcconfig; name = "Pods-itunesapi_csTests.debug.xcconfig"; path = "Target Support Files/Pods-itunesapi_csTests/Pods-itunesapi_csTests.debug.xcconfig"; sourceTree = "<group>"; };
		46F90A867DA3291FB22213DB /* Pods-itunesapi_csTests.release.xcconfig */ = {isa = PBXFileReference; includeInIndex = 1; lastKnownFileType = text.xcconfig; name = "Pods-itunesapi_csTests.release.xcconfig"; path = "Target Support Files/Pods-itunesapi_csTests/Pods-itunesapi_csTests.release.xcconfig"; sourceTree = "<group>"; };
		477FECDBB89B67DD359C9558 /* Pods_itunesapi_cs.framework */ = {isa = PBXFileReference; explicitFileType = wrapper.framework; includeInIndex = 0; path = Pods_itunesapi_cs.framework; sourceTree = BUILT_PRODUCTS_DIR; };
		621182D182E1E907CA4AB043 /* Pods_itunesapi_csTests.framework */ = {isa = PBXFileReference; explicitFileType = wrapper.framework; includeInIndex = 0; path = Pods_itunesapi_csTests.framework; sourceTree = BUILT_PRODUCTS_DIR; };
		CFE6BDFA36279E56CC54247A /* Pods-itunesapi_cs.debug.xcconfig */ = {isa = PBXFileReference; includeInIndex = 1; lastKnownFileType = text.xcconfig; name = "Pods-itunesapi_cs.debug.xcconfig"; path = "Target Support Files/Pods-itunesapi_cs/Pods-itunesapi_cs.debug.xcconfig"; sourceTree = "<group>"; };
		F5721F93F668FE0D97071672 /* Pods-itunesapi_cs.release.xcconfig */ = {isa = PBXFileReference; includeInIndex = 1; lastKnownFileType = text.xcconfig; name = "Pods-itunesapi_cs.release.xcconfig"; path = "Target Support Files/Pods-itunesapi_cs/Pods-itunesapi_cs.release.xcconfig"; sourceTree = "<group>"; };
/* End PBXFileReference section */

/* Begin PBXFrameworksBuildPhase section */
		2CFECFE422ED2E5F00F8592E /* Frameworks */ = {
			isa = PBXFrameworksBuildPhase;
			buildActionMask = 2147483647;
			files = (
				7E230F1A2470A933C764020B /* Pods_itunesapi_cs.framework in Frameworks */,
			);
			runOnlyForDeploymentPostprocessing = 0;
		};
		2CFECFFB22ED2E6100F8592E /* Frameworks */ = {
			isa = PBXFrameworksBuildPhase;
			buildActionMask = 2147483647;
			files = (
				A4FBF1F421177EF708DD085D /* Pods_itunesapi_csTests.framework in Frameworks */,
			);
			runOnlyForDeploymentPostprocessing = 0;
		};
/* End PBXFrameworksBuildPhase section */

/* Begin PBXGroup section */
		2CFECFDE22ED2E5F00F8592E = {
			isa = PBXGroup;
			children = (
				2CFECFE922ED2E5F00F8592E /* itunesapi_cs */,
				2CFED00122ED2E6100F8592E /* itunesapi_csTests */,
				2CFECFE822ED2E5F00F8592E /* Products */,
				9D63D54D6E94E8CB44E6E600 /* Pods */,
				BD34947B8D043FE28BCCC2FF /* Frameworks */,
			);
			sourceTree = "<group>";
		};
		2CFECFE822ED2E5F00F8592E /* Products */ = {
			isa = PBXGroup;
			children = (
				2CFECFE722ED2E5F00F8592E /* itunesapi_cs.app */,
				2CFECFFE22ED2E6100F8592E /* itunesapi_csTests.xctest */,
			);
			name = Products;
			sourceTree = "<group>";
		};
		2CFECFE922ED2E5F00F8592E /* itunesapi_cs */ = {
			isa = PBXGroup;
			children = (
				2CFED01322ED2F8100F8592E /* Configuration */,
				2CFED01222ED2F7B00F8592E /* Helpers */,
				2CFED01022ED2F7200F8592E /* Models */,
				2CFED00F22ED2F6C00F8592E /* Networking */,
				2CFED00E22ED2F6500F8592E /* Resources */,
				2CFED00D22ED2F4F00F8592E /* Scenes */,
				2CFECFEA22ED2E5F00F8592E /* AppDelegate.swift */,
				2CFECFEC22ED2E5F00F8592E /* ViewController.swift */,
				2CFECFF422ED2E6100F8592E /* Assets.xcassets */,
				2CFECFF622ED2E6100F8592E /* LaunchScreen.storyboard */,
				2CFECFF922ED2E6100F8592E /* Info.plist */,
				2CFECFF122ED2E5F00F8592E /* itunesapi_cs.xcdatamodeld */,
			);
			path = itunesapi_cs;
			sourceTree = "<group>";
		};
		2CFED00122ED2E6100F8592E /* itunesapi_csTests */ = {
			isa = PBXGroup;
			children = (
				2CFED02F22ED35AE00F8592E /* Scenes */,
				2CFED00222ED2E6100F8592E /* itunesapi_csTests.swift */,
				2CFED00422ED2E6100F8592E /* Info.plist */,
			);
			path = itunesapi_csTests;
			sourceTree = "<group>";
		};
		2CFED00D22ED2F4F00F8592E /* Scenes */ = {
			isa = PBXGroup;
			children = (
				2CFED02222ED34B500F8592E /* Search */,
			);
			path = Scenes;
			sourceTree = "<group>";
		};
		2CFED00E22ED2F6500F8592E /* Resources */ = {
			isa = PBXGroup;
			children = (
				2CFED04222ED37C000F8592E /* Scenes */,
			);
			path = Resources;
			sourceTree = "<group>";
		};
		2CFED00F22ED2F6C00F8592E /* Networking */ = {
			isa = PBXGroup;
			children = (
				2CFED01E22ED310400F8592E /* ApiClient.swift */,
			);
			path = Networking;
			sourceTree = "<group>";
		};
		2CFED01022ED2F7200F8592E /* Models */ = {
			isa = PBXGroup;
			children = (
				2CFED01822ED307E00F8592E /* Media.swift */,
				2CFED01C22ED30C900F8592E /* Album.swift */,
			);
			path = Models;
			sourceTree = "<group>";
		};
		2CFED01222ED2F7B00F8592E /* Helpers */ = {
			isa = PBXGroup;
			children = (
				2CFED01422ED2FAA00F8592E /* URL+Extensions.swift */,
				2CFED01A22ED309600F8592E /* Media+URL.swift */,
			);
			path = Helpers;
			sourceTree = "<group>";
		};
		2CFED01322ED2F8100F8592E /* Configuration */ = {
			isa = PBXGroup;
			children = (
				2CFED01622ED304800F8592E /* Constants.swift */,
			);
			path = Configuration;
			sourceTree = "<group>";
		};
		2CFED02222ED34B500F8592E /* Search */ = {
			isa = PBXGroup;
			children = (
				2CFED02322ED34C200F8592E /* SearchPresenter.swift */,
				2CFED02422ED34C200F8592E /* SearchWorker.swift */,
				2CFED02522ED34C200F8592E /* SearchRouter.swift */,
				2CFED02622ED34C200F8592E /* SearchModels.swift */,
				2CFED02722ED34C200F8592E /* SearchViewController.swift */,
				2CFED02822ED34C200F8592E /* SearchInteractor.swift */,
			);
			path = Search;
			sourceTree = "<group>";
		};
		2CFED02F22ED35AE00F8592E /* Scenes */ = {
			isa = PBXGroup;
			children = (
				2CFED03022ED35B200F8592E /* Search */,
			);
			path = Scenes;
			sourceTree = "<group>";
		};
		2CFED03022ED35B200F8592E /* Search */ = {
			isa = PBXGroup;
			children = (
				2CFED03B22ED360E00F8592E /* Spies */,
				2CFED03322ED35E700F8592E /* SearchViewControllerTests.swift */,
				2CFED03422ED35E700F8592E /* SearchInteractorTests.swift */,
				2CFED03522ED35E700F8592E /* SearchWorkerTests.swift */,
				2CFED03622ED35E700F8592E /* SearchPresenterTests.swift */,
			);
			path = Search;
			sourceTree = "<group>";
		};
		2CFED03B22ED360E00F8592E /* Spies */ = {
			isa = PBXGroup;
			children = (
				2CFED03C22ED362300F8592E /* SearchBusinessLogicSpy.swift */,
				2CFED03E22ED36C100F8592E /* SearchPresentationLogicSpy.swift */,
				2CFED04022ED372000F8592E /* SearchDisplayLogicSpy.swift */,
			);
			path = Spies;
			sourceTree = "<group>";
		};
		2CFED04222ED37C000F8592E /* Scenes */ = {
			isa = PBXGroup;
			children = (
				2CFED04322ED37C200F8592E /* Search */,
			);
			path = Scenes;
			sourceTree = "<group>";
		};
		2CFED04322ED37C200F8592E /* Search */ = {
			isa = PBXGroup;
			children = (
				2CFED04422ED37CC00F8592E /* SearchViewController.storyboard */,
			);
			path = Search;
			sourceTree = "<group>";
		};
		9D63D54D6E94E8CB44E6E600 /* Pods */ = {
			isa = PBXGroup;
			children = (
				CFE6BDFA36279E56CC54247A /* Pods-itunesapi_cs.debug.xcconfig */,
				F5721F93F668FE0D97071672 /* Pods-itunesapi_cs.release.xcconfig */,
				36249240FD659A9FD438996A /* Pods-itunesapi_csTests.debug.xcconfig */,
				46F90A867DA3291FB22213DB /* Pods-itunesapi_csTests.release.xcconfig */,
			);
			path = Pods;
			sourceTree = "<group>";
		};
		BD34947B8D043FE28BCCC2FF /* Frameworks */ = {
			isa = PBXGroup;
			children = (
				477FECDBB89B67DD359C9558 /* Pods_itunesapi_cs.framework */,
				621182D182E1E907CA4AB043 /* Pods_itunesapi_csTests.framework */,
			);
			name = Frameworks;
			sourceTree = "<group>";
		};
/* End PBXGroup section */

/* Begin PBXNativeTarget section */
		2CFECFE622ED2E5F00F8592E /* itunesapi_cs */ = {
			isa = PBXNativeTarget;
			buildConfigurationList = 2CFED00722ED2E6100F8592E /* Build configuration list for PBXNativeTarget "itunesapi_cs" */;
			buildPhases = (
				4D6AB5F287CB04324634BC81 /* [CP] Check Pods Manifest.lock */,
				2CFECFE322ED2E5F00F8592E /* Sources */,
				2CFECFE422ED2E5F00F8592E /* Frameworks */,
				2CFECFE522ED2E5F00F8592E /* Resources */,
				8289827CDC5DE2BFB02E29E5 /* [CP] Embed Pods Frameworks */,
			);
			buildRules = (
			);
			dependencies = (
			);
			name = itunesapi_cs;
			productName = itunesapi_cs;
			productReference = 2CFECFE722ED2E5F00F8592E /* itunesapi_cs.app */;
			productType = "com.apple.product-type.application";
		};
		2CFECFFD22ED2E6100F8592E /* itunesapi_csTests */ = {
			isa = PBXNativeTarget;
			buildConfigurationList = 2CFED00A22ED2E6100F8592E /* Build configuration list for PBXNativeTarget "itunesapi_csTests" */;
			buildPhases = (
				FC6A10B51ABD128BC8580928 /* [CP] Check Pods Manifest.lock */,
				2CFECFFA22ED2E6100F8592E /* Sources */,
				2CFECFFB22ED2E6100F8592E /* Frameworks */,
				2CFECFFC22ED2E6100F8592E /* Resources */,
			);
			buildRules = (
			);
			dependencies = (
				2CFED00022ED2E6100F8592E /* PBXTargetDependency */,
			);
			name = itunesapi_csTests;
			productName = itunesapi_csTests;
			productReference = 2CFECFFE22ED2E6100F8592E /* itunesapi_csTests.xctest */;
			productType = "com.apple.product-type.bundle.unit-test";
		};
/* End PBXNativeTarget section */

/* Begin PBXProject section */
		2CFECFDF22ED2E5F00F8592E /* Project object */ = {
			isa = PBXProject;
			attributes = {
				LastSwiftUpdateCheck = 1020;
				LastUpgradeCheck = 1020;
				ORGANIZATIONNAME = "Alejandro Melo Domínguez";
				TargetAttributes = {
					2CFECFE622ED2E5F00F8592E = {
						CreatedOnToolsVersion = 10.2.1;
					};
					2CFECFFD22ED2E6100F8592E = {
						CreatedOnToolsVersion = 10.2.1;
						TestTargetID = 2CFECFE622ED2E5F00F8592E;
					};
				};
			};
			buildConfigurationList = 2CFECFE222ED2E5F00F8592E /* Build configuration list for PBXProject "itunesapi_cs" */;
			compatibilityVersion = "Xcode 9.3";
			developmentRegion = en;
			hasScannedForEncodings = 0;
			knownRegions = (
				en,
				Base,
			);
			mainGroup = 2CFECFDE22ED2E5F00F8592E;
			productRefGroup = 2CFECFE822ED2E5F00F8592E /* Products */;
			projectDirPath = "";
			projectRoot = "";
			targets = (
				2CFECFE622ED2E5F00F8592E /* itunesapi_cs */,
				2CFECFFD22ED2E6100F8592E /* itunesapi_csTests */,
			);
		};
/* End PBXProject section */

/* Begin PBXResourcesBuildPhase section */
		2CFECFE522ED2E5F00F8592E /* Resources */ = {
			isa = PBXResourcesBuildPhase;
			buildActionMask = 2147483647;
			files = (
				2CFECFF822ED2E6100F8592E /* LaunchScreen.storyboard in Resources */,
				2CFECFF522ED2E6100F8592E /* Assets.xcassets in Resources */,
				2CFED04522ED37CC00F8592E /* SearchViewController.storyboard in Resources */,
			);
			runOnlyForDeploymentPostprocessing = 0;
		};
		2CFECFFC22ED2E6100F8592E /* Resources */ = {
			isa = PBXResourcesBuildPhase;
			buildActionMask = 2147483647;
			files = (
			);
			runOnlyForDeploymentPostprocessing = 0;
		};
/* End PBXResourcesBuildPhase section */

/* Begin PBXShellScriptBuildPhase section */
		4D6AB5F287CB04324634BC81 /* [CP] Check Pods Manifest.lock */ = {
			isa = PBXShellScriptBuildPhase;
			buildActionMask = 2147483647;
			files = (
			);
			inputFileListPaths = (
			);
			inputPaths = (
				"${PODS_PODFILE_DIR_PATH}/Podfile.lock",
				"${PODS_ROOT}/Manifest.lock",
			);
			name = "[CP] Check Pods Manifest.lock";
			outputFileListPaths = (
			);
			outputPaths = (
				"$(DERIVED_FILE_DIR)/Pods-itunesapi_cs-checkManifestLockResult.txt",
			);
			runOnlyForDeploymentPostprocessing = 0;
			shellPath = /bin/sh;
			shellScript = "diff \"${PODS_PODFILE_DIR_PATH}/Podfile.lock\" \"${PODS_ROOT}/Manifest.lock\" > /dev/null\nif [ $? != 0 ] ; then\n    # print error to STDERR\n    echo \"error: The sandbox is not in sync with the Podfile.lock. Run 'pod install' or update your CocoaPods installation.\" >&2\n    exit 1\nfi\n# This output is used by Xcode 'outputs' to avoid re-running this script phase.\necho \"SUCCESS\" > \"${SCRIPT_OUTPUT_FILE_0}\"\n";
			showEnvVarsInLog = 0;
		};
		8289827CDC5DE2BFB02E29E5 /* [CP] Embed Pods Frameworks */ = {
			isa = PBXShellScriptBuildPhase;
			buildActionMask = 2147483647;
			files = (
			);
			inputFileListPaths = (
				"${PODS_ROOT}/Target Support Files/Pods-itunesapi_cs/Pods-itunesapi_cs-frameworks-${CONFIGURATION}-input-files.xcfilelist",
			);
			name = "[CP] Embed Pods Frameworks";
			outputFileListPaths = (
				"${PODS_ROOT}/Target Support Files/Pods-itunesapi_cs/Pods-itunesapi_cs-frameworks-${CONFIGURATION}-output-files.xcfilelist",
			);
			runOnlyForDeploymentPostprocessing = 0;
			shellPath = /bin/sh;
			shellScript = "\"${PODS_ROOT}/Target Support Files/Pods-itunesapi_cs/Pods-itunesapi_cs-frameworks.sh\"\n";
			showEnvVarsInLog = 0;
		};
		FC6A10B51ABD128BC8580928 /* [CP] Check Pods Manifest.lock */ = {
			isa = PBXShellScriptBuildPhase;
			buildActionMask = 2147483647;
			files = (
			);
			inputFileListPaths = (
			);
			inputPaths = (
				"${PODS_PODFILE_DIR_PATH}/Podfile.lock",
				"${PODS_ROOT}/Manifest.lock",
			);
			name = "[CP] Check Pods Manifest.lock";
			outputFileListPaths = (
			);
			outputPaths = (
				"$(DERIVED_FILE_DIR)/Pods-itunesapi_csTests-checkManifestLockResult.txt",
			);
			runOnlyForDeploymentPostprocessing = 0;
			shellPath = /bin/sh;
			shellScript = "diff \"${PODS_PODFILE_DIR_PATH}/Podfile.lock\" \"${PODS_ROOT}/Manifest.lock\" > /dev/null\nif [ $? != 0 ] ; then\n    # print error to STDERR\n    echo \"error: The sandbox is not in sync with the Podfile.lock. Run 'pod install' or update your CocoaPods installation.\" >&2\n    exit 1\nfi\n# This output is used by Xcode 'outputs' to avoid re-running this script phase.\necho \"SUCCESS\" > \"${SCRIPT_OUTPUT_FILE_0}\"\n";
			showEnvVarsInLog = 0;
		};
/* End PBXShellScriptBuildPhase section */

/* Begin PBXSourcesBuildPhase section */
		2CFECFE322ED2E5F00F8592E /* Sources */ = {
			isa = PBXSourcesBuildPhase;
			buildActionMask = 2147483647;
			files = (
				2CFED02B22ED34C200F8592E /* SearchRouter.swift in Sources */,
				2CFED01B22ED309600F8592E /* Media+URL.swift in Sources */,
				2CFED01722ED304800F8592E /* Constants.swift in Sources */,
				2CFED02922ED34C200F8592E /* SearchPresenter.swift in Sources */,
				2CFED01F22ED310400F8592E /* ApiClient.swift in Sources */,
				2CFECFED22ED2E5F00F8592E /* ViewController.swift in Sources */,
				2CFED02C22ED34C200F8592E /* SearchModels.swift in Sources */,
				2CFED01922ED307E00F8592E /* Media.swift in Sources */,
				2CFED02D22ED34C200F8592E /* SearchViewController.swift in Sources */,
				2CFED02E22ED34C200F8592E /* SearchInteractor.swift in Sources */,
				2CFED01522ED2FAA00F8592E /* URL+Extensions.swift in Sources */,
				2CFECFEB22ED2E5F00F8592E /* AppDelegate.swift in Sources */,
				2CFED02A22ED34C200F8592E /* SearchWorker.swift in Sources */,
				2CFECFF322ED2E5F00F8592E /* itunesapi_cs.xcdatamodeld in Sources */,
				2CFED01D22ED30C900F8592E /* Album.swift in Sources */,
			);
			runOnlyForDeploymentPostprocessing = 0;
		};
		2CFECFFA22ED2E6100F8592E /* Sources */ = {
			isa = PBXSourcesBuildPhase;
			buildActionMask = 2147483647;
			files = (
				2CFED03722ED35E700F8592E /* SearchViewControllerTests.swift in Sources */,
				2CFED03A22ED35E700F8592E /* SearchPresenterTests.swift in Sources */,
				2CFED03922ED35E700F8592E /* SearchWorkerTests.swift in Sources */,
				2CFED03D22ED362300F8592E /* SearchBusinessLogicSpy.swift in Sources */,
				2CFED04122ED372000F8592E /* SearchDisplayLogicSpy.swift in Sources */,
				2CFED00322ED2E6100F8592E /* itunesapi_csTests.swift in Sources */,
				2CFED03F22ED36C100F8592E /* SearchPresentationLogicSpy.swift in Sources */,
				2CFED03822ED35E700F8592E /* SearchInteractorTests.swift in Sources */,
			);
			runOnlyForDeploymentPostprocessing = 0;
		};
/* End PBXSourcesBuildPhase section */

/* Begin PBXTargetDependency section */
		2CFED00022ED2E6100F8592E /* PBXTargetDependency */ = {
			isa = PBXTargetDependency;
			target = 2CFECFE622ED2E5F00F8592E /* itunesapi_cs */;
			targetProxy = 2CFECFFF22ED2E6100F8592E /* PBXContainerItemProxy */;
		};
/* End PBXTargetDependency section */

/* Begin PBXVariantGroup section */
		2CFECFF622ED2E6100F8592E /* LaunchScreen.storyboard */ = {
			isa = PBXVariantGroup;
			children = (
				2CFECFF722ED2E6100F8592E /* Base */,
			);
			name = LaunchScreen.storyboard;
			sourceTree = "<group>";
		};
/* End PBXVariantGroup section */

/* Begin XCBuildConfiguration section */
		2CFED00522ED2E6100F8592E /* Debug */ = {
			isa = XCBuildConfiguration;
			buildSettings = {
				ALWAYS_SEARCH_USER_PATHS = NO;
				CLANG_ANALYZER_NONNULL = YES;
				CLANG_ANALYZER_NUMBER_OBJECT_CONVERSION = YES_AGGRESSIVE;
				CLANG_CXX_LANGUAGE_STANDARD = "gnu++14";
				CLANG_CXX_LIBRARY = "libc++";
				CLANG_ENABLE_MODULES = YES;
				CLANG_ENABLE_OBJC_ARC = YES;
				CLANG_ENABLE_OBJC_WEAK = YES;
				CLANG_WARN_BLOCK_CAPTURE_AUTORELEASING = YES;
				CLANG_WARN_BOOL_CONVERSION = YES;
				CLANG_WARN_COMMA = YES;
				CLANG_WARN_CONSTANT_CONVERSION = YES;
				CLANG_WARN_DEPRECATED_OBJC_IMPLEMENTATIONS = YES;
				CLANG_WARN_DIRECT_OBJC_ISA_USAGE = YES_ERROR;
				CLANG_WARN_DOCUMENTATION_COMMENTS = YES;
				CLANG_WARN_EMPTY_BODY = YES;
				CLANG_WARN_ENUM_CONVERSION = YES;
				CLANG_WARN_INFINITE_RECURSION = YES;
				CLANG_WARN_INT_CONVERSION = YES;
				CLANG_WARN_NON_LITERAL_NULL_CONVERSION = YES;
				CLANG_WARN_OBJC_IMPLICIT_RETAIN_SELF = YES;
				CLANG_WARN_OBJC_LITERAL_CONVERSION = YES;
				CLANG_WARN_OBJC_ROOT_CLASS = YES_ERROR;
				CLANG_WARN_RANGE_LOOP_ANALYSIS = YES;
				CLANG_WARN_STRICT_PROTOTYPES = YES;
				CLANG_WARN_SUSPICIOUS_MOVE = YES;
				CLANG_WARN_UNGUARDED_AVAILABILITY = YES_AGGRESSIVE;
				CLANG_WARN_UNREACHABLE_CODE = YES;
				CLANG_WARN__DUPLICATE_METHOD_MATCH = YES;
				CODE_SIGN_IDENTITY = "iPhone Developer";
				COPY_PHASE_STRIP = NO;
				DEBUG_INFORMATION_FORMAT = dwarf;
				ENABLE_STRICT_OBJC_MSGSEND = YES;
				ENABLE_TESTABILITY = YES;
				GCC_C_LANGUAGE_STANDARD = gnu11;
				GCC_DYNAMIC_NO_PIC = NO;
				GCC_NO_COMMON_BLOCKS = YES;
				GCC_OPTIMIZATION_LEVEL = 0;
				GCC_PREPROCESSOR_DEFINITIONS = (
					"DEBUG=1",
					"$(inherited)",
				);
				GCC_WARN_64_TO_32_BIT_CONVERSION = YES;
				GCC_WARN_ABOUT_RETURN_TYPE = YES_ERROR;
				GCC_WARN_UNDECLARED_SELECTOR = YES;
				GCC_WARN_UNINITIALIZED_AUTOS = YES_AGGRESSIVE;
				GCC_WARN_UNUSED_FUNCTION = YES;
				GCC_WARN_UNUSED_VARIABLE = YES;
				IPHONEOS_DEPLOYMENT_TARGET = 11.0;
				MTL_ENABLE_DEBUG_INFO = INCLUDE_SOURCE;
				MTL_FAST_MATH = YES;
				ONLY_ACTIVE_ARCH = YES;
				SDKROOT = iphoneos;
				SWIFT_ACTIVE_COMPILATION_CONDITIONS = DEBUG;
				SWIFT_OPTIMIZATION_LEVEL = "-Onone";
			};
			name = Debug;
		};
		2CFED00622ED2E6100F8592E /* Release */ = {
			isa = XCBuildConfiguration;
			buildSettings = {
				ALWAYS_SEARCH_USER_PATHS = NO;
				CLANG_ANALYZER_NONNULL = YES;
				CLANG_ANALYZER_NUMBER_OBJECT_CONVERSION = YES_AGGRESSIVE;
				CLANG_CXX_LANGUAGE_STANDARD = "gnu++14";
				CLANG_CXX_LIBRARY = "libc++";
				CLANG_ENABLE_MODULES = YES;
				CLANG_ENABLE_OBJC_ARC = YES;
				CLANG_ENABLE_OBJC_WEAK = YES;
				CLANG_WARN_BLOCK_CAPTURE_AUTORELEASING = YES;
				CLANG_WARN_BOOL_CONVERSION = YES;
				CLANG_WARN_COMMA = YES;
				CLANG_WARN_CONSTANT_CONVERSION = YES;
				CLANG_WARN_DEPRECATED_OBJC_IMPLEMENTATIONS = YES;
				CLANG_WARN_DIRECT_OBJC_ISA_USAGE = YES_ERROR;
				CLANG_WARN_DOCUMENTATION_COMMENTS = YES;
				CLANG_WARN_EMPTY_BODY = YES;
				CLANG_WARN_ENUM_CONVERSION = YES;
				CLANG_WARN_INFINITE_RECURSION = YES;
				CLANG_WARN_INT_CONVERSION = YES;
				CLANG_WARN_NON_LITERAL_NULL_CONVERSION = YES;
				CLANG_WARN_OBJC_IMPLICIT_RETAIN_SELF = YES;
				CLANG_WARN_OBJC_LITERAL_CONVERSION = YES;
				CLANG_WARN_OBJC_ROOT_CLASS = YES_ERROR;
				CLANG_WARN_RANGE_LOOP_ANALYSIS = YES;
				CLANG_WARN_STRICT_PROTOTYPES = YES;
				CLANG_WARN_SUSPICIOUS_MOVE = YES;
				CLANG_WARN_UNGUARDED_AVAILABILITY = YES_AGGRESSIVE;
				CLANG_WARN_UNREACHABLE_CODE = YES;
				CLANG_WARN__DUPLICATE_METHOD_MATCH = YES;
				CODE_SIGN_IDENTITY = "iPhone Developer";
				COPY_PHASE_STRIP = NO;
				DEBUG_INFORMATION_FORMAT = "dwarf-with-dsym";
				ENABLE_NS_ASSERTIONS = NO;
				ENABLE_STRICT_OBJC_MSGSEND = YES;
				GCC_C_LANGUAGE_STANDARD = gnu11;
				GCC_NO_COMMON_BLOCKS = YES;
				GCC_WARN_64_TO_32_BIT_CONVERSION = YES;
				GCC_WARN_ABOUT_RETURN_TYPE = YES_ERROR;
				GCC_WARN_UNDECLARED_SELECTOR = YES;
				GCC_WARN_UNINITIALIZED_AUTOS = YES_AGGRESSIVE;
				GCC_WARN_UNUSED_FUNCTION = YES;
				GCC_WARN_UNUSED_VARIABLE = YES;
				IPHONEOS_DEPLOYMENT_TARGET = 11.0;
				MTL_ENABLE_DEBUG_INFO = NO;
				MTL_FAST_MATH = YES;
				SDKROOT = iphoneos;
				SWIFT_COMPILATION_MODE = wholemodule;
				SWIFT_OPTIMIZATION_LEVEL = "-O";
				VALIDATE_PRODUCT = YES;
			};
			name = Release;
		};
		2CFED00822ED2E6100F8592E /* Debug */ = {
			isa = XCBuildConfiguration;
			baseConfigurationReference = CFE6BDFA36279E56CC54247A /* Pods-itunesapi_cs.debug.xcconfig */;
			buildSettings = {
				ASSETCATALOG_COMPILER_APPICON_NAME = AppIcon;
				CODE_SIGN_STYLE = Automatic;
				DEVELOPMENT_TEAM = 99QSH5L9VP;
				INFOPLIST_FILE = itunesapi_cs/Info.plist;
				LD_RUNPATH_SEARCH_PATHS = (
					"$(inherited)",
					"@executable_path/Frameworks",
				);
				PRODUCT_BUNDLE_IDENTIFIER = "cl.penquistas.itunesapi-cs";
				PRODUCT_NAME = "$(TARGET_NAME)";
				SWIFT_VERSION = 5.0;
				TARGETED_DEVICE_FAMILY = "1,2";
			};
			name = Debug;
		};
		2CFED00922ED2E6100F8592E /* Release */ = {
			isa = XCBuildConfiguration;
			baseConfigurationReference = F5721F93F668FE0D97071672 /* Pods-itunesapi_cs.release.xcconfig */;
			buildSettings = {
				ASSETCATALOG_COMPILER_APPICON_NAME = AppIcon;
				CODE_SIGN_STYLE = Automatic;
				DEVELOPMENT_TEAM = 99QSH5L9VP;
				INFOPLIST_FILE = itunesapi_cs/Info.plist;
				LD_RUNPATH_SEARCH_PATHS = (
					"$(inherited)",
					"@executable_path/Frameworks",
				);
				PRODUCT_BUNDLE_IDENTIFIER = "cl.penquistas.itunesapi-cs";
				PRODUCT_NAME = "$(TARGET_NAME)";
				SWIFT_VERSION = 5.0;
				TARGETED_DEVICE_FAMILY = "1,2";
			};
			name = Release;
		};
		2CFED00B22ED2E6100F8592E /* Debug */ = {
			isa = XCBuildConfiguration;
			baseConfigurationReference = 36249240FD659A9FD438996A /* Pods-itunesapi_csTests.debug.xcconfig */;
			buildSettings = {
				ALWAYS_EMBED_SWIFT_STANDARD_LIBRARIES = YES;
				BUNDLE_LOADER = "$(TEST_HOST)";
				CODE_SIGN_STYLE = Automatic;
				DEVELOPMENT_TEAM = 99QSH5L9VP;
				INFOPLIST_FILE = itunesapi_csTests/Info.plist;
				LD_RUNPATH_SEARCH_PATHS = (
					"$(inherited)",
					"@executable_path/Frameworks",
					"@loader_path/Frameworks",
				);
				PRODUCT_BUNDLE_IDENTIFIER = "cl.penquistas.itunesapi-csTests";
				PRODUCT_NAME = "$(TARGET_NAME)";
				SWIFT_VERSION = 5.0;
				TARGETED_DEVICE_FAMILY = "1,2";
				TEST_HOST = "$(BUILT_PRODUCTS_DIR)/itunesapi_cs.app/itunesapi_cs";
			};
			name = Debug;
		};
		2CFED00C22ED2E6100F8592E /* Release */ = {
			isa = XCBuildConfiguration;
			baseConfigurationReference = 46F90A867DA3291FB22213DB /* Pods-itunesapi_csTests.release.xcconfig */;
			buildSettings = {
				ALWAYS_EMBED_SWIFT_STANDARD_LIBRARIES = YES;
				BUNDLE_LOADER = "$(TEST_HOST)";
				CODE_SIGN_STYLE = Automatic;
				DEVELOPMENT_TEAM = 99QSH5L9VP;
				INFOPLIST_FILE = itunesapi_csTests/Info.plist;
				LD_RUNPATH_SEARCH_PATHS = (
					"$(inherited)",
					"@executable_path/Frameworks",
					"@loader_path/Frameworks",
				);
				PRODUCT_BUNDLE_IDENTIFIER = "cl.penquistas.itunesapi-csTests";
				PRODUCT_NAME = "$(TARGET_NAME)";
				SWIFT_VERSION = 5.0;
				TARGETED_DEVICE_FAMILY = "1,2";
				TEST_HOST = "$(BUILT_PRODUCTS_DIR)/itunesapi_cs.app/itunesapi_cs";
			};
			name = Release;
		};
/* End XCBuildConfiguration section */

/* Begin XCConfigurationList section */
		2CFECFE222ED2E5F00F8592E /* Build configuration list for PBXProject "itunesapi_cs" */ = {
			isa = XCConfigurationList;
			buildConfigurations = (
				2CFED00522ED2E6100F8592E /* Debug */,
				2CFED00622ED2E6100F8592E /* Release */,
			);
			defaultConfigurationIsVisible = 0;
			defaultConfigurationName = Release;
		};
		2CFED00722ED2E6100F8592E /* Build configuration list for PBXNativeTarget "itunesapi_cs" */ = {
			isa = XCConfigurationList;
			buildConfigurations = (
				2CFED00822ED2E6100F8592E /* Debug */,
				2CFED00922ED2E6100F8592E /* Release */,
			);
			defaultConfigurationIsVisible = 0;
			defaultConfigurationName = Release;
		};
		2CFED00A22ED2E6100F8592E /* Build configuration list for PBXNativeTarget "itunesapi_csTests" */ = {
			isa = XCConfigurationList;
			buildConfigurations = (
				2CFED00B22ED2E6100F8592E /* Debug */,
				2CFED00C22ED2E6100F8592E /* Release */,
			);
			defaultConfigurationIsVisible = 0;
			defaultConfigurationName = Release;
		};
/* End XCConfigurationList section */

/* Begin XCVersionGroup section */
		2CFECFF122ED2E5F00F8592E /* itunesapi_cs.xcdatamodeld */ = {
			isa = XCVersionGroup;
			children = (
				2CFECFF222ED2E5F00F8592E /* itunesapi_cs.xcdatamodel */,
			);
			currentVersion = 2CFECFF222ED2E5F00F8592E /* itunesapi_cs.xcdatamodel */;
			path = itunesapi_cs.xcdatamodeld;
			sourceTree = "<group>";
			versionGroupType = wrapper.xcdatamodel;
		};
/* End XCVersionGroup section */
	};
	rootObject = 2CFECFDF22ED2E5F00F8592E /* Project object */;
}
